
Microsoft Visual Studio Solution File, Format Version 12.00
# Visual Studio Version 17
VisualStudioVersion = 17.5.002.0
MinimumVisualStudioVersion = 10.0.40219.1
Project("{9A19103F-16F7-4668-BE54-9A1E7A4F7556}") = "Prueba-de-ASP.NET", "Prueba-de-ASP.NET.csproj", "{5F9C8FD5-09B3-496D-B43C-3C5189E63B2D}"
EndProject
Global
	GlobalSection(SolutionConfigurationPlatforms) = preSolution
		Debug|Any CPU = Debug|Any CPU
		Release|Any CPU = Release|Any CPU
	EndGlobalSection
	GlobalSection(ProjectConfigurationPlatforms) = postSolution
		{5F9C8FD5-09B3-496D-B43C-3C5189E63B2D}.Debug|Any CPU.ActiveCfg = Debug|Any CPU
		{5F9C8FD5-09B3-496D-B43C-3C5189E63B2D}.Debug|Any CPU.Build.0 = Debug|Any CPU
		{5F9C8FD5-09B3-496D-B43C-3C5189E63B2D}.Release|Any CPU.ActiveCfg = Release|Any CPU
		{5F9C8FD5-09B3-496D-B43C-3C5189E63B2D}.Release|Any CPU.Build.0 = Release|Any CPU
	EndGlobalSection
	GlobalSection(SolutionProperties) = preSolution
		HideSolutionNode = FALSE
	EndGlobalSection
	GlobalSection(ExtensibilityGlobals) = postSolution
		SolutionGuid = {2629305E-8DF5-4EEB-A749-E37CE1CC69EC}
	EndGlobalSection
EndGlobal
